
Microsoft Visual Studio Solution File, Format Version 12.00
# Visual Studio Version 17
VisualStudioVersion = 17.13.35818.85
MinimumVisualStudioVersion = 10.0.40219.1
Project("{FAE04EC0-301F-11D3-BF4B-00C04F79EFBC}") = "Consoles.Events", "Consoles.Events\Consoles.Events.csproj", "{83F94B89-9180-42D6-87FB-7EEEEDC769A6}"
EndProject
Project("{FAE04EC0-301F-11D3-BF4B-00C04F79EFBC}") = "Consoles.EventWaitHandle", "Consoles.EventWaitHandle\Consoles.EventWaitHandle.csproj", "{EB2E2FB1-8821-4114-A206-001BFFE968B5}"
EndProject
Project("{FAE04EC0-301F-11D3-BF4B-00C04F79EFBC}") = "Consoles.Semaphores", "Consoles.Semaphores\Consoles.Semaphores.csproj", "{A2698382-F2A8-463F-9789-F15738B69724}"
EndProject
Project("{FAE04EC0-301F-11D3-BF4B-00C04F79EFBC}") = "Consoles.CriticalSection", "Consoles.CriticalSection\Consoles.CriticalSection.csproj", "{2387ACFA-6E92-4FFF-9845-4765B7E354AF}"
EndProject
Project("{FAE04EC0-301F-11D3-BF4B-00C04F79EFBC}") = "Consoles.Tasks", "Consoles.Tasks\Consoles.Tasks.csproj", "{869621BA-5CC9-4626-A43F-9A92E2C4C7DB}"
EndProject
Project("{FAE04EC0-301F-11D3-BF4B-00C04F79EFBC}") = "Consoles.Sockets", "Consoles.Sockets\Consoles.Sockets.csproj", "{8DCC9309-13A6-44CE-B29E-9479885EABDA}"
EndProject
Project("{FAE04EC0-301F-11D3-BF4B-00C04F79EFBC}") = "Consoles.SocketClient", "Consoles.SocketClient\Consoles.SocketClient.csproj", "{518461B5-C0BF-4EF2-8504-D05010CA0BF3}"
EndProject
Project("{FAE04EC0-301F-11D3-BF4B-00C04F79EFBC}") = "Consoles.SocketCommon", "Consoles.SocketCommon\Consoles.SocketCommon.csproj", "{EAC69919-8AAC-4324-B5AB-00C89BC02287}"
EndProject
Project("{FAE04EC0-301F-11D3-BF4B-00C04F79EFBC}") = "Consoles.Statics", "Consoles.Statics\Consoles.Statics.csproj", "{08C9D5C5-9203-41DC-9877-9DD250E526E9}"
EndProject
Project("{FAE04EC0-301F-11D3-BF4B-00C04F79EFBC}") = "Consoles.Workers", "Consoles.Workers\Consoles.Workers.csproj", "{E22EACED-AA89-427F-81B6-EAB76CDAD209}"
EndProject
Project("{FAE04EC0-301F-11D3-BF4B-00C04F79EFBC}") = "Consoles.Loggings", "Consoles.Loggings\Consoles.Loggings.csproj", "{212CCAA3-186D-475E-AC4E-3421C9F42E61}"
EndProject
Project("{FAE04EC0-301F-11D3-BF4B-00C04F79EFBC}") = "Consoles.HttpClients", "Consoles.HttpClients\Consoles.HttpClients.csproj", "{3F20CE3D-9E55-4C3B-ABCC-9AE25DAFC03E}"
EndProject
Project("{FAE04EC0-301F-11D3-BF4B-00C04F79EFBC}") = "Consoles.EventDirvenProgramming", "Consoles.EventDirvenProgramming\Consoles.EventDirvenProgramming.csproj", "{D82F85A2-2314-498D-8141-A97E5F91AE23}"
EndProject
Global
	GlobalSection(SolutionConfigurationPlatforms) = preSolution
		Debug|Any CPU = Debug|Any CPU
		Release|Any CPU = Release|Any CPU
	EndGlobalSection
	GlobalSection(ProjectConfigurationPlatforms) = postSolution
		{83F94B89-9180-42D6-87FB-7EEEEDC769A6}.Debug|Any CPU.ActiveCfg = Debug|Any CPU
		{83F94B89-9180-42D6-87FB-7EEEEDC769A6}.Debug|Any CPU.Build.0 = Debug|Any CPU
		{83F94B89-9180-42D6-87FB-7EEEEDC769A6}.Release|Any CPU.ActiveCfg = Release|Any CPU
		{83F94B89-9180-42D6-87FB-7EEEEDC769A6}.Release|Any CPU.Build.0 = Release|Any CPU
		{EB2E2FB1-8821-4114-A206-001BFFE968B5}.Debug|Any CPU.ActiveCfg = Debug|Any CPU
		{EB2E2FB1-8821-4114-A206-001BFFE968B5}.Debug|Any CPU.Build.0 = Debug|Any CPU
		{EB2E2FB1-8821-4114-A206-001BFFE968B5}.Release|Any CPU.ActiveCfg = Release|Any CPU
		{EB2E2FB1-8821-4114-A206-001BFFE968B5}.Release|Any CPU.Build.0 = Release|Any CPU
		{A2698382-F2A8-463F-9789-F15738B69724}.Debug|Any CPU.ActiveCfg = Debug|Any CPU
		{A2698382-F2A8-463F-9789-F15738B69724}.Debug|Any CPU.Build.0 = Debug|Any CPU
		{A2698382-F2A8-463F-9789-F15738B69724}.Release|Any CPU.ActiveCfg = Release|Any CPU
		{A2698382-F2A8-463F-9789-F15738B69724}.Release|Any CPU.Build.0 = Release|Any CPU
		{2387ACFA-6E92-4FFF-9845-4765B7E354AF}.Debug|Any CPU.ActiveCfg = Debug|Any CPU
		{2387ACFA-6E92-4FFF-9845-4765B7E354AF}.Debug|Any CPU.Build.0 = Debug|Any CPU
		{2387ACFA-6E92-4FFF-9845-4765B7E354AF}.Release|Any CPU.ActiveCfg = Release|Any CPU
		{2387ACFA-6E92-4FFF-9845-4765B7E354AF}.Release|Any CPU.Build.0 = Release|Any CPU
		{869621BA-5CC9-4626-A43F-9A92E2C4C7DB}.Debug|Any CPU.ActiveCfg = Debug|Any CPU
		{869621BA-5CC9-4626-A43F-9A92E2C4C7DB}.Debug|Any CPU.Build.0 = Debug|Any CPU
		{869621BA-5CC9-4626-A43F-9A92E2C4C7DB}.Release|Any CPU.ActiveCfg = Release|Any CPU
		{869621BA-5CC9-4626-A43F-9A92E2C4C7DB}.Release|Any CPU.Build.0 = Release|Any CPU
		{8DCC9309-13A6-44CE-B29E-9479885EABDA}.Debug|Any CPU.ActiveCfg = Debug|Any CPU
		{8DCC9309-13A6-44CE-B29E-9479885EABDA}.Debug|Any CPU.Build.0 = Debug|Any CPU
		{8DCC9309-13A6-44CE-B29E-9479885EABDA}.Release|Any CPU.ActiveCfg = Release|Any CPU
		{8DCC9309-13A6-44CE-B29E-9479885EABDA}.Release|Any CPU.Build.0 = Release|Any CPU
		{518461B5-C0BF-4EF2-8504-D05010CA0BF3}.Debug|Any CPU.ActiveCfg = Debug|Any CPU
		{518461B5-C0BF-4EF2-8504-D05010CA0BF3}.Debug|Any CPU.Build.0 = Debug|Any CPU
		{518461B5-C0BF-4EF2-8504-D05010CA0BF3}.Release|Any CPU.ActiveCfg = Release|Any CPU
		{518461B5-C0BF-4EF2-8504-D05010CA0BF3}.Release|Any CPU.Build.0 = Release|Any CPU
		{EAC69919-8AAC-4324-B5AB-00C89BC02287}.Debug|Any CPU.ActiveCfg = Debug|Any CPU
		{EAC69919-8AAC-4324-B5AB-00C89BC02287}.Debug|Any CPU.Build.0 = Debug|Any CPU
		{EAC69919-8AAC-4324-B5AB-00C89BC02287}.Release|Any CPU.ActiveCfg = Release|Any CPU
		{EAC69919-8AAC-4324-B5AB-00C89BC02287}.Release|Any CPU.Build.0 = Release|Any CPU
		{08C9D5C5-9203-41DC-9877-9DD250E526E9}.Debug|Any CPU.ActiveCfg = Debug|Any CPU
		{08C9D5C5-9203-41DC-9877-9DD250E526E9}.Debug|Any CPU.Build.0 = Debug|Any CPU
		{08C9D5C5-9203-41DC-9877-9DD250E526E9}.Release|Any CPU.ActiveCfg = Release|Any CPU
		{08C9D5C5-9203-41DC-9877-9DD250E526E9}.Release|Any CPU.Build.0 = Release|Any CPU
		{E22EACED-AA89-427F-81B6-EAB76CDAD209}.Debug|Any CPU.ActiveCfg = Debug|Any CPU
		{E22EACED-AA89-427F-81B6-EAB76CDAD209}.Debug|Any CPU.Build.0 = Debug|Any CPU
		{E22EACED-AA89-427F-81B6-EAB76CDAD209}.Release|Any CPU.ActiveCfg = Release|Any CPU
		{E22EACED-AA89-427F-81B6-EAB76CDAD209}.Release|Any CPU.Build.0 = Release|Any CPU
		{212CCAA3-186D-475E-AC4E-3421C9F42E61}.Debug|Any CPU.ActiveCfg = Debug|Any CPU
		{212CCAA3-186D-475E-AC4E-3421C9F42E61}.Debug|Any CPU.Build.0 = Debug|Any CPU
		{212CCAA3-186D-475E-AC4E-3421C9F42E61}.Release|Any CPU.ActiveCfg = Release|Any CPU
		{212CCAA3-186D-475E-AC4E-3421C9F42E61}.Release|Any CPU.Build.0 = Release|Any CPU
		{3F20CE3D-9E55-4C3B-ABCC-9AE25DAFC03E}.Debug|Any CPU.ActiveCfg = Debug|Any CPU
		{3F20CE3D-9E55-4C3B-ABCC-9AE25DAFC03E}.Debug|Any CPU.Build.0 = Debug|Any CPU
		{3F20CE3D-9E55-4C3B-ABCC-9AE25DAFC03E}.Release|Any CPU.ActiveCfg = Release|Any CPU
		{3F20CE3D-9E55-4C3B-ABCC-9AE25DAFC03E}.Release|Any CPU.Build.0 = Release|Any CPU
		{D82F85A2-2314-498D-8141-A97E5F91AE23}.Debug|Any CPU.ActiveCfg = Debug|Any CPU
		{D82F85A2-2314-498D-8141-A97E5F91AE23}.Debug|Any CPU.Build.0 = Debug|Any CPU
		{D82F85A2-2314-498D-8141-A97E5F91AE23}.Release|Any CPU.ActiveCfg = Release|Any CPU
		{D82F85A2-2314-498D-8141-A97E5F91AE23}.Release|Any CPU.Build.0 = Release|Any CPU
	EndGlobalSection
	GlobalSection(SolutionProperties) = preSolution
		HideSolutionNode = FALSE
	EndGlobalSection
	GlobalSection(ExtensibilityGlobals) = postSolution
		SolutionGuid = {0B467061-9ACB-4726-B977-972734D9D409}
	EndGlobalSection
EndGlobal
